
Microsoft Visual Studio Solution File, Format Version 12.00
# Visual Studio Version 17
VisualStudioVersion = 17.2.32526.322
MinimumVisualStudioVersion = 10.0.40219.1
Project("{FAE04EC0-301F-11D3-BF4B-00C04F79EFBC}") = "AngularPracApi", "AngularPracApi\AngularPracApi.csproj", "{FC032D8E-E696-4BC8-882E-689E8BE02D03}"
EndProject
Global
	GlobalSection(SolutionConfigurationPlatforms) = preSolution
		Debug|Any CPU = Debug|Any CPU
		Release|Any CPU = Release|Any CPU
	EndGlobalSection
	GlobalSection(ProjectConfigurationPlatforms) = postSolution
		{FC032D8E-E696-4BC8-882E-689E8BE02D03}.Debug|Any CPU.ActiveCfg = Debug|Any CPU
		{FC032D8E-E696-4BC8-882E-689E8BE02D03}.Debug|Any CPU.Build.0 = Debug|Any CPU
		{FC032D8E-E696-4BC8-882E-689E8BE02D03}.Release|Any CPU.ActiveCfg = Release|Any CPU
		{FC032D8E-E696-4BC8-882E-689E8BE02D03}.Release|Any CPU.Build.0 = Release|Any CPU
	EndGlobalSection
	GlobalSection(SolutionProperties) = preSolution
		HideSolutionNode = FALSE
	EndGlobalSection
	GlobalSection(ExtensibilityGlobals) = postSolution
		SolutionGuid = {AE6C8627-1C4A-4700-835F-4341A7E4917D}
	EndGlobalSection
EndGlobal
